
Microsoft Visual Studio Solution File, Format Version 12.00
# Visual Studio 15
VisualStudioVersion = 15.0.28307.136
MinimumVisualStudioVersion = 10.0.40219.1
Project("{FAE04EC0-301F-11D3-BF4B-00C04F79EFBC}") = "T9", "T9\T9.csproj", "{A98998E6-793C-4D85-BCBA-A3E97891C6E6}"
EndProject
Project("{FAE04EC0-301F-11D3-BF4B-00C04F79EFBC}") = "T9.Test", "T9.Test\T9.Test.csproj", "{0688E94F-A3FB-4919-97A5-E43046A73CE6}"
EndProject
Global
	GlobalSection(SolutionConfigurationPlatforms) = preSolution
		Debug|Any CPU = Debug|Any CPU
		Release|Any CPU = Release|Any CPU
	EndGlobalSection
	GlobalSection(ProjectConfigurationPlatforms) = postSolution
		{A98998E6-793C-4D85-BCBA-A3E97891C6E6}.Debug|Any CPU.ActiveCfg = Debug|Any CPU
		{A98998E6-793C-4D85-BCBA-A3E97891C6E6}.Debug|Any CPU.Build.0 = Debug|Any CPU
		{A98998E6-793C-4D85-BCBA-A3E97891C6E6}.Release|Any CPU.ActiveCfg = Release|Any CPU
		{A98998E6-793C-4D85-BCBA-A3E97891C6E6}.Release|Any CPU.Build.0 = Release|Any CPU
		{0688E94F-A3FB-4919-97A5-E43046A73CE6}.Debug|Any CPU.ActiveCfg = Debug|Any CPU
		{0688E94F-A3FB-4919-97A5-E43046A73CE6}.Debug|Any CPU.Build.0 = Debug|Any CPU
		{0688E94F-A3FB-4919-97A5-E43046A73CE6}.Release|Any CPU.ActiveCfg = Release|Any CPU
		{0688E94F-A3FB-4919-97A5-E43046A73CE6}.Release|Any CPU.Build.0 = Release|Any CPU
	EndGlobalSection
	GlobalSection(SolutionProperties) = preSolution
		HideSolutionNode = FALSE
	EndGlobalSection
	GlobalSection(ExtensibilityGlobals) = postSolution
		SolutionGuid = {9BF3E40E-A35F-409C-ACD1-C86B67255CFF}
	EndGlobalSection
EndGlobal
